// !$*UTF8*$!
{
	archiveVersion = 1;
	classes = {
	};
	objectVersion = 44;
	objects = {

/* Begin PBXBuildFile section */
		006D720419952D00008149E2 /* AVFoundation.framework in Frameworks */ = {isa = PBXBuildFile; fileRef = 006D720219952D00008149E2 /* AVFoundation.framework */; };
		006D720519952D00008149E2 /* CoreMedia.framework in Frameworks */ = {isa = PBXBuildFile; fileRef = 006D720319952D00008149E2 /* CoreMedia.framework */; };
		0091D8F90E81B9330029341E /* OpenGL.framework in Frameworks */ = {isa = PBXBuildFile; fileRef = 0091D8F80E81B9330029341E /* OpenGL.framework */; };
		00B784B30FF439BC000DE1D7 /* Accelerate.framework in Frameworks */ = {isa = PBXBuildFile; fileRef = 00B784AF0FF439BC000DE1D7 /* Accelerate.framework */; };
		00B784B40FF439BC000DE1D7 /* AudioToolbox.framework in Frameworks */ = {isa = PBXBuildFile; fileRef = 00B784B00FF439BC000DE1D7 /* AudioToolbox.framework */; };
		00B784B50FF439BC000DE1D7 /* AudioUnit.framework in Frameworks */ = {isa = PBXBuildFile; fileRef = 00B784B10FF439BC000DE1D7 /* AudioUnit.framework */; };
		00B784B60FF439BC000DE1D7 /* CoreAudio.framework in Frameworks */ = {isa = PBXBuildFile; fileRef = 00B784B20FF439BC000DE1D7 /* CoreAudio.framework */; };
		5323E6B20EAFCA74003A9687 /* CoreVideo.framework in Frameworks */ = {isa = PBXBuildFile; fileRef = 5323E6B10EAFCA74003A9687 /* CoreVideo.framework */; };
		5323E6B60EAFCA7E003A9687 /* QTKit.framework in Frameworks */ = {isa = PBXBuildFile; fileRef = 5323E6B50EAFCA7E003A9687 /* QTKit.framework */; };
		8D11072F0486CEB800E47090 /* Cocoa.framework in Frameworks */ = {isa = PBXBuildFile; fileRef = 1058C7A1FEA54F0111CA2CBB /* Cocoa.framework */; };
		F42927CB99984AFE8E6AFF3A /* UdpSocket.cpp in Sources */ = {isa = PBXBuildFile; fileRef = 3AF22C3477E04FC78F0C7687 /* UdpSocket.cpp */; };
		251C06B62D7E48ECB19B16C7 /* NetworkingUtils.cpp in Sources */ = {isa = PBXBuildFile; fileRef = 358F809F91D94E08B3AB0E0C /* NetworkingUtils.cpp */; };
		3EB4255E846C43989DB04E07 /* OscTypes.h in Headers */ = {isa = PBXBuildFile; fileRef = E0E9BB3DB3E245D18BA4B960 /* OscTypes.h */; };
		CB69756FF250460AB5F9F64A /* OscReceivedElements.h in Headers */ = {isa = PBXBuildFile; fileRef = 67D160DDD7E248108BDDF6CA /* OscReceivedElements.h */; };
		9073BBA1D3AB4C0FA3EB0811 /* OscPrintReceivedElements.h in Headers */ = {isa = PBXBuildFile; fileRef = 59DB2877B6C64FA2AB0724CA /* OscPrintReceivedElements.h */; };
		CAED9E3887284D9DA3617660 /* OscPacketListener.h in Headers */ = {isa = PBXBuildFile; fileRef = 7C6F1048D99E4EDF90BB5BFD /* OscPacketListener.h */; };
		7B93275429F145DEA95EA9CD /* OscOutboundPacketStream.h in Headers */ = {isa = PBXBuildFile; fileRef = 80AD322B584248D1A5CC7F51 /* OscOutboundPacketStream.h */; };
		2DFFDC2DB7C4420886EB4195 /* OscHostEndianness.h in Headers */ = {isa = PBXBuildFile; fileRef = 1364D8F8C99B4A79AA2A3456 /* OscHostEndianness.h */; };
		F78BCDD0777F4783A42F83A3 /* OscException.h in Headers */ = {isa = PBXBuildFile; fileRef = 85D1BB1A46A547FC9E35354F /* OscException.h */; };
		6CCEDC003F08491DAB19F8D9 /* MessageMappingOscPacketListener.h in Headers */ = {isa = PBXBuildFile; fileRef = 03F62B1F0B584B8290FB74CC /* MessageMappingOscPacketListener.h */; };
		ECD0A8B8FAB146FEB781CE2B /* UdpSocket.h in Headers */ = {isa = PBXBuildFile; fileRef = 3688463AEC5A4E80B482B279 /* UdpSocket.h */; };
		94DA9B3B035141308B4D3DD7 /* TimerListener.h in Headers */ = {isa = PBXBuildFile; fileRef = 0E374DFDDB2F40F6B3D4D95B /* TimerListener.h */; };
		FBF1D5AB99F243D5AF13798B /* PacketListener.h in Headers */ = {isa = PBXBuildFile; fileRef = FC24DB3BF8BE4F0494EE5690 /* PacketListener.h */; };
		577707751CC44C298EC9EB22 /* NetworkingUtils.h in Headers */ = {isa = PBXBuildFile; fileRef = B9D966BC3F704FD88D79F673 /* NetworkingUtils.h */; };
		416258428374430BAFB3FA41 /* IpEndpointName.h in Headers */ = {isa = PBXBuildFile; fileRef = 95200EFCAB124E45A91B30C0 /* IpEndpointName.h */; };
		362742EEE8F34452BA5923D5 /* OscSender.h in Headers */ = {isa = PBXBuildFile; fileRef = 84089835BD644AB7B83435C4 /* OscSender.h */; };
		59863B6E40C14A0BBB7E3783 /* OscMessage.h in Headers */ = {isa = PBXBuildFile; fileRef = 144E5A51685A4049B16E7C94 /* OscMessage.h */; };
		535CD446F52146CB84D91965 /* OscListener.h in Headers */ = {isa = PBXBuildFile; fileRef = F1DFFE99E945420483522A84 /* OscListener.h */; };
		ECCEA0DD2DF941B2B3E54273 /* OscBundle.h in Headers */ = {isa = PBXBuildFile; fileRef = 8BDDACCFBCEE45AA97034A06 /* OscBundle.h */; };
		DAB5816B4E76468599CE26E1 /* OscArg.h in Headers */ = {isa = PBXBuildFile; fileRef = D9885363047C4A5A8D3D775D /* OscArg.h */; };
		B5BF6EAF0ABA4B6A8ACC65DC /* OscTypes.cpp in Sources */ = {isa = PBXBuildFile; fileRef = FB579DB410E64BCDBCBD1682 /* OscTypes.cpp */; };
		5E5D408173C44578A6371D74 /* OscReceivedElements.cpp in Sources */ = {isa = PBXBuildFile; fileRef = 2C5FED939BC34614BFD29999 /* OscReceivedElements.cpp */; };
		2BD4735F4AC7446CA749B3AF /* OscPrintReceivedElements.cpp in Sources */ = {isa = PBXBuildFile; fileRef = F7E5D51798664372A70F6F1E /* OscPrintReceivedElements.cpp */; };
		EC16932FEBCA47C1BA18C60B /* OscOutboundPacketStream.cpp in Sources */ = {isa = PBXBuildFile; fileRef = 248B277109284E919DCAAB05 /* OscOutboundPacketStream.cpp */; };
		9F0EF145609B4907A50FBC5B /* IpEndpointName.cpp in Sources */ = {isa = PBXBuildFile; fileRef = 2BDAAEA685044DF19D032123 /* IpEndpointName.cpp */; };
		C6F5780A27C040019E8FCFC5 /* OscSender.cpp in Sources */ = {isa = PBXBuildFile; fileRef = 635AF6D74F814992ADD3F336 /* OscSender.cpp */; };
		77166BC6D7E941B6A5D31DCB /* OscMessage.cpp in Sources */ = {isa = PBXBuildFile; fileRef = E243D0B76813475783D83D2F /* OscMessage.cpp */; };
		DA8F88C7D4074D9095D94548 /* OscListener.cpp in Sources */ = {isa = PBXBuildFile; fileRef = 6015198DCB6C4EFF994C1B24 /* OscListener.cpp */; };
		DBB87F9A1E7A4C7AA6AE685E /* OscBundle.cpp in Sources */ = {isa = PBXBuildFile; fileRef = 62553F625F6B4FB79A3D2951 /* OscBundle.cpp */; };
		EFADAD0CF081451C830C2226 /* osc_example_Prefix.pch in Headers */ = {isa = PBXBuildFile; fileRef = A8C7EEB4E5564BEDB417B125 /* osc_example_Prefix.pch */; };
		217D959441B04547AE8D17EB /* CinderApp.icns in Resources */ = {isa = PBXBuildFile; fileRef = 24D56F0C58084F2F8ADE3CEA /* CinderApp.icns */; };
		147A8824601A46C084AED2F0 /* Resources.h in Headers */ = {isa = PBXBuildFile; fileRef = 39B356BB595246FB9BBD2ADC /* Resources.h */; };
		B2533C7087324B379E2A5B60 /* osc_exampleApp.cpp in Sources */ = {isa = PBXBuildFile; fileRef = 3390535BB7D54AFFA4388EC0 /* osc_exampleApp.cpp */; };
/* End PBXBuildFile section */

/* Begin PBXFileReference section */
		006D720219952D00008149E2 /* AVFoundation.framework */ = {isa = PBXFileReference; lastKnownFileType = wrapper.framework; name = AVFoundation.framework; path = System/Library/Frameworks/AVFoundation.framework; sourceTree = SDKROOT; };
		006D720319952D00008149E2 /* CoreMedia.framework */ = {isa = PBXFileReference; lastKnownFileType = wrapper.framework; name = CoreMedia.framework; path = System/Library/Frameworks/CoreMedia.framework; sourceTree = SDKROOT; };
		0091D8F80E81B9330029341E /* OpenGL.framework */ = {isa = PBXFileReference; lastKnownFileType = wrapper.framework; name = OpenGL.framework; path = /System/Library/Frameworks/OpenGL.framework; sourceTree = "<absolute>"; };
		00B784AF0FF439BC000DE1D7 /* Accelerate.framework */ = {isa = PBXFileReference; lastKnownFileType = wrapper.framework; name = Accelerate.framework; path = System/Library/Frameworks/Accelerate.framework; sourceTree = SDKROOT; };
		00B784B00FF439BC000DE1D7 /* AudioToolbox.framework */ = {isa = PBXFileReference; lastKnownFileType = wrapper.framework; name = AudioToolbox.framework; path = System/Library/Frameworks/AudioToolbox.framework; sourceTree = SDKROOT; };
		00B784B10FF439BC000DE1D7 /* AudioUnit.framework */ = {isa = PBXFileReference; lastKnownFileType = wrapper.framework; name = AudioUnit.framework; path = System/Library/Frameworks/AudioUnit.framework; sourceTree = SDKROOT; };
		00B784B20FF439BC000DE1D7 /* CoreAudio.framework */ = {isa = PBXFileReference; lastKnownFileType = wrapper.framework; name = CoreAudio.framework; path = System/Library/Frameworks/CoreAudio.framework; sourceTree = SDKROOT; };
		1058C7A1FEA54F0111CA2CBB /* Cocoa.framework */ = {isa = PBXFileReference; lastKnownFileType = wrapper.framework; name = Cocoa.framework; path = /System/Library/Frameworks/Cocoa.framework; sourceTree = "<absolute>"; };
		29B97324FDCFA39411CA2CEA /* AppKit.framework */ = {isa = PBXFileReference; lastKnownFileType = wrapper.framework; name = AppKit.framework; path = /System/Library/Frameworks/AppKit.framework; sourceTree = "<absolute>"; };
		29B97325FDCFA39411CA2CEA /* Foundation.framework */ = {isa = PBXFileReference; lastKnownFileType = wrapper.framework; name = Foundation.framework; path = /System/Library/Frameworks/Foundation.framework; sourceTree = "<absolute>"; };
		5323E6B10EAFCA74003A9687 /* CoreVideo.framework */ = {isa = PBXFileReference; lastKnownFileType = wrapper.framework; name = CoreVideo.framework; path = /System/Library/Frameworks/CoreVideo.framework; sourceTree = "<absolute>"; };
		5323E6B50EAFCA7E003A9687 /* QTKit.framework */ = {isa = PBXFileReference; lastKnownFileType = wrapper.framework; name = QTKit.framework; path = /System/Library/Frameworks/QTKit.framework; sourceTree = "<absolute>"; };
		8D1107320486CEB800E47090 /* osc_example.app */ = {isa = PBXFileReference; explicitFileType = wrapper.application; includeInIndex = 0; path = osc_example.app; sourceTree = BUILT_PRODUCTS_DIR; };
		3390535BB7D54AFFA4388EC0 /* osc_exampleApp.cpp */ = {isa = PBXFileReference; lastKnownFileType = sourcecode.c.cpp; path = ../src/osc_exampleApp.cpp; sourceTree = "<group>"; name = osc_exampleApp.cpp; };
		39B356BB595246FB9BBD2ADC /* Resources.h */ = {isa = PBXFileReference; lastKnownFileType = sourcecode.c.h; path = ../include/Resources.h; sourceTree = "<group>"; name = Resources.h; };
		24D56F0C58084F2F8ADE3CEA /* CinderApp.icns */ = {isa = PBXFileReference; lastKnownFileType = image.icns; path = ../resources/CinderApp.icns; sourceTree = "<group>"; name = CinderApp.icns; };
		CB462C7872FF40A8AEE1D6BC /* Info.plist */ = {isa = PBXFileReference; lastKnownFileType = text.plist.xml; path = Info.plist; sourceTree = "<group>"; name = Info.plist; };
		A8C7EEB4E5564BEDB417B125 /* osc_example_Prefix.pch */ = {isa = PBXFileReference; lastKnownFileType = "\"\""; path = osc_example_Prefix.pch; sourceTree = "<group>"; name = osc_example_Prefix.pch; };
		62553F625F6B4FB79A3D2951 /* OscBundle.cpp */ = {isa = PBXFileReference; lastKnownFileType = sourcecode.c.cpp; path = ../../../external/Cinder/blocks/osc/src/OscBundle.cpp; sourceTree = "<group>"; name = OscBundle.cpp; };
		6015198DCB6C4EFF994C1B24 /* OscListener.cpp */ = {isa = PBXFileReference; lastKnownFileType = sourcecode.c.cpp; path = ../../../external/Cinder/blocks/osc/src/OscListener.cpp; sourceTree = "<group>"; name = OscListener.cpp; };
		E243D0B76813475783D83D2F /* OscMessage.cpp */ = {isa = PBXFileReference; lastKnownFileType = sourcecode.c.cpp; path = ../../../external/Cinder/blocks/osc/src/OscMessage.cpp; sourceTree = "<group>"; name = OscMessage.cpp; };
		635AF6D74F814992ADD3F336 /* OscSender.cpp */ = {isa = PBXFileReference; lastKnownFileType = sourcecode.c.cpp; path = ../../../external/Cinder/blocks/osc/src/OscSender.cpp; sourceTree = "<group>"; name = OscSender.cpp; };
		2BDAAEA685044DF19D032123 /* IpEndpointName.cpp */ = {isa = PBXFileReference; lastKnownFileType = sourcecode.c.cpp; path = ../../../external/Cinder/blocks/osc/src/ip/IpEndpointName.cpp; sourceTree = "<group>"; name = IpEndpointName.cpp; };
		248B277109284E919DCAAB05 /* OscOutboundPacketStream.cpp */ = {isa = PBXFileReference; lastKnownFileType = sourcecode.c.cpp; path = ../../../external/Cinder/blocks/osc/src/osc/OscOutboundPacketStream.cpp; sourceTree = "<group>"; name = OscOutboundPacketStream.cpp; };
		F7E5D51798664372A70F6F1E /* OscPrintReceivedElements.cpp */ = {isa = PBXFileReference; lastKnownFileType = sourcecode.c.cpp; path = ../../../external/Cinder/blocks/osc/src/osc/OscPrintReceivedElements.cpp; sourceTree = "<group>"; name = OscPrintReceivedElements.cpp; };
		2C5FED939BC34614BFD29999 /* OscReceivedElements.cpp */ = {isa = PBXFileReference; lastKnownFileType = sourcecode.c.cpp; path = ../../../external/Cinder/blocks/osc/src/osc/OscReceivedElements.cpp; sourceTree = "<group>"; name = OscReceivedElements.cpp; };
		FB579DB410E64BCDBCBD1682 /* OscTypes.cpp */ = {isa = PBXFileReference; lastKnownFileType = sourcecode.c.cpp; path = ../../../external/Cinder/blocks/osc/src/osc/OscTypes.cpp; sourceTree = "<group>"; name = OscTypes.cpp; };
		D9885363047C4A5A8D3D775D /* OscArg.h */ = {isa = PBXFileReference; lastKnownFileType = sourcecode.c.h; path = ../../../external/Cinder/blocks/osc/src/OscArg.h; sourceTree = "<group>"; name = OscArg.h; };
		8BDDACCFBCEE45AA97034A06 /* OscBundle.h */ = {isa = PBXFileReference; lastKnownFileType = sourcecode.c.h; path = ../../../external/Cinder/blocks/osc/src/OscBundle.h; sourceTree = "<group>"; name = OscBundle.h; };
		F1DFFE99E945420483522A84 /* OscListener.h */ = {isa = PBXFileReference; lastKnownFileType = sourcecode.c.h; path = ../../../external/Cinder/blocks/osc/src/OscListener.h; sourceTree = "<group>"; name = OscListener.h; };
		144E5A51685A4049B16E7C94 /* OscMessage.h */ = {isa = PBXFileReference; lastKnownFileType = sourcecode.c.h; path = ../../../external/Cinder/blocks/osc/src/OscMessage.h; sourceTree = "<group>"; name = OscMessage.h; };
		84089835BD644AB7B83435C4 /* OscSender.h */ = {isa = PBXFileReference; lastKnownFileType = sourcecode.c.h; path = ../../../external/Cinder/blocks/osc/src/OscSender.h; sourceTree = "<group>"; name = OscSender.h; };
		95200EFCAB124E45A91B30C0 /* IpEndpointName.h */ = {isa = PBXFileReference; lastKnownFileType = sourcecode.c.h; path = ../../../external/Cinder/blocks/osc/src/ip/IpEndpointName.h; sourceTree = "<group>"; name = IpEndpointName.h; };
		B9D966BC3F704FD88D79F673 /* NetworkingUtils.h */ = {isa = PBXFileReference; lastKnownFileType = sourcecode.c.h; path = ../../../external/Cinder/blocks/osc/src/ip/NetworkingUtils.h; sourceTree = "<group>"; name = NetworkingUtils.h; };
		FC24DB3BF8BE4F0494EE5690 /* PacketListener.h */ = {isa = PBXFileReference; lastKnownFileType = sourcecode.c.h; path = ../../../external/Cinder/blocks/osc/src/ip/PacketListener.h; sourceTree = "<group>"; name = PacketListener.h; };
		0E374DFDDB2F40F6B3D4D95B /* TimerListener.h */ = {isa = PBXFileReference; lastKnownFileType = sourcecode.c.h; path = ../../../external/Cinder/blocks/osc/src/ip/TimerListener.h; sourceTree = "<group>"; name = TimerListener.h; };
		3688463AEC5A4E80B482B279 /* UdpSocket.h */ = {isa = PBXFileReference; lastKnownFileType = sourcecode.c.h; path = ../../../external/Cinder/blocks/osc/src/ip/UdpSocket.h; sourceTree = "<group>"; name = UdpSocket.h; };
		03F62B1F0B584B8290FB74CC /* MessageMappingOscPacketListener.h */ = {isa = PBXFileReference; lastKnownFileType = sourcecode.c.h; path = ../../../external/Cinder/blocks/osc/src/osc/MessageMappingOscPacketListener.h; sourceTree = "<group>"; name = MessageMappingOscPacketListener.h; };
		85D1BB1A46A547FC9E35354F /* OscException.h */ = {isa = PBXFileReference; lastKnownFileType = sourcecode.c.h; path = ../../../external/Cinder/blocks/osc/src/osc/OscException.h; sourceTree = "<group>"; name = OscException.h; };
		1364D8F8C99B4A79AA2A3456 /* OscHostEndianness.h */ = {isa = PBXFileReference; lastKnownFileType = sourcecode.c.h; path = ../../../external/Cinder/blocks/osc/src/osc/OscHostEndianness.h; sourceTree = "<group>"; name = OscHostEndianness.h; };
		80AD322B584248D1A5CC7F51 /* OscOutboundPacketStream.h */ = {isa = PBXFileReference; lastKnownFileType = sourcecode.c.h; path = ../../../external/Cinder/blocks/osc/src/osc/OscOutboundPacketStream.h; sourceTree = "<group>"; name = OscOutboundPacketStream.h; };
		7C6F1048D99E4EDF90BB5BFD /* OscPacketListener.h */ = {isa = PBXFileReference; lastKnownFileType = sourcecode.c.h; path = ../../../external/Cinder/blocks/osc/src/osc/OscPacketListener.h; sourceTree = "<group>"; name = OscPacketListener.h; };
		59DB2877B6C64FA2AB0724CA /* OscPrintReceivedElements.h */ = {isa = PBXFileReference; lastKnownFileType = sourcecode.c.h; path = ../../../external/Cinder/blocks/osc/src/osc/OscPrintReceivedElements.h; sourceTree = "<group>"; name = OscPrintReceivedElements.h; };
		67D160DDD7E248108BDDF6CA /* OscReceivedElements.h */ = {isa = PBXFileReference; lastKnownFileType = sourcecode.c.h; path = ../../../external/Cinder/blocks/osc/src/osc/OscReceivedElements.h; sourceTree = "<group>"; name = OscReceivedElements.h; };
		E0E9BB3DB3E245D18BA4B960 /* OscTypes.h */ = {isa = PBXFileReference; lastKnownFileType = sourcecode.c.h; path = ../../../external/Cinder/blocks/osc/src/osc/OscTypes.h; sourceTree = "<group>"; name = OscTypes.h; };
		358F809F91D94E08B3AB0E0C /* NetworkingUtils.cpp */ = {isa = PBXFileReference; lastKnownFileType = sourcecode.c.cpp; path = ../../../external/Cinder/blocks/osc/src/ip/posix/NetworkingUtils.cpp; sourceTree = "<group>"; name = NetworkingUtils.cpp; };
		3AF22C3477E04FC78F0C7687 /* UdpSocket.cpp */ = {isa = PBXFileReference; lastKnownFileType = sourcecode.c.cpp; path = ../../../external/Cinder/blocks/osc/src/ip/posix/UdpSocket.cpp; sourceTree = "<group>"; name = UdpSocket.cpp; };
/* End PBXFileReference section */

/* Begin PBXFrameworksBuildPhase section */
		8D11072E0486CEB800E47090 /* Frameworks */ = {
			isa = PBXFrameworksBuildPhase;
			buildActionMask = 2147483647;
			files = (
				006D720419952D00008149E2 /* AVFoundation.framework in Frameworks */,
				006D720519952D00008149E2 /* CoreMedia.framework in Frameworks */,
				8D11072F0486CEB800E47090 /* Cocoa.framework in Frameworks */,
				0091D8F90E81B9330029341E /* OpenGL.framework in Frameworks */,
				5323E6B20EAFCA74003A9687 /* CoreVideo.framework in Frameworks */,
				5323E6B60EAFCA7E003A9687 /* QTKit.framework in Frameworks */,
				00B784B30FF439BC000DE1D7 /* Accelerate.framework in Frameworks */,
				00B784B40FF439BC000DE1D7 /* AudioToolbox.framework in Frameworks */,
				00B784B50FF439BC000DE1D7 /* AudioUnit.framework in Frameworks */,
				00B784B60FF439BC000DE1D7 /* CoreAudio.framework in Frameworks */,
			);
			runOnlyForDeploymentPostprocessing = 0;
		};
/* End PBXFrameworksBuildPhase section */

/* Begin PBXGroup section */
		080E96DDFE201D6D7F000001 /* Source */ = {
			isa = PBXGroup;
			children = (
				3390535BB7D54AFFA4388EC0 /* osc_exampleApp.cpp */,
			);
			name = Source;
			sourceTree = "<group>";
		};
		1058C7A0FEA54F0111CA2CBB /* Linked Frameworks */ = {
			isa = PBXGroup;
			children = (
				006D720219952D00008149E2 /* AVFoundation.framework */,
				006D720319952D00008149E2 /* CoreMedia.framework */,
				00B784AF0FF439BC000DE1D7 /* Accelerate.framework */,
				00B784B00FF439BC000DE1D7 /* AudioToolbox.framework */,
				00B784B10FF439BC000DE1D7 /* AudioUnit.framework */,
				00B784B20FF439BC000DE1D7 /* CoreAudio.framework */,
				5323E6B50EAFCA7E003A9687 /* QTKit.framework */,
				5323E6B10EAFCA74003A9687 /* CoreVideo.framework */,
				0091D8F80E81B9330029341E /* OpenGL.framework */,
				1058C7A1FEA54F0111CA2CBB /* Cocoa.framework */,
			);
			name = "Linked Frameworks";
			sourceTree = "<group>";
		};
		1058C7A2FEA54F0111CA2CBB /* Other Frameworks */ = {
			isa = PBXGroup;
			children = (
				29B97324FDCFA39411CA2CEA /* AppKit.framework */,
				29B97325FDCFA39411CA2CEA /* Foundation.framework */,
			);
			name = "Other Frameworks";
			sourceTree = "<group>";
		};
		19C28FACFE9D520D11CA2CBB /* Products */ = {
			isa = PBXGroup;
			children = (
				8D1107320486CEB800E47090 /* osc_example.app */,
			);
			name = Products;
			sourceTree = "<group>";
		};
		29B97314FDCFA39411CA2CEA /* osc_example */ = {
			isa = PBXGroup;
			children = (
				01B97315FEAEA392516A2CEA /* Blocks */,
				29B97315FDCFA39411CA2CEA /* Headers */,
				080E96DDFE201D6D7F000001 /* Source */,
				29B97317FDCFA39411CA2CEA /* Resources */,
				29B97323FDCFA39411CA2CEA /* Frameworks */,
				19C28FACFE9D520D11CA2CBB /* Products */,
			);
			name = osc_example;
			sourceTree = "<group>";
		};
		37FCBC6C9DDB446DA143505D /* posix */ = {
			isa = PBXGroup;
			children = (
				358F809F91D94E08B3AB0E0C /* NetworkingUtils.cpp */,
				3AF22C3477E04FC78F0C7687 /* UdpSocket.cpp */,
			);
			name = posix;
			sourceTree = "<group>";
		};
		30DB6FE503AB404096960E40 /* ip */ = {
			isa = PBXGroup;
			children = (
				2BDAAEA685044DF19D032123 /* IpEndpointName.cpp */,
				95200EFCAB124E45A91B30C0 /* IpEndpointName.h */,
				B9D966BC3F704FD88D79F673 /* NetworkingUtils.h */,
				FC24DB3BF8BE4F0494EE5690 /* PacketListener.h */,
				0E374DFDDB2F40F6B3D4D95B /* TimerListener.h */,
				3688463AEC5A4E80B482B279 /* UdpSocket.h */,
				37FCBC6C9DDB446DA143505D /* posix */,
			);
			name = ip;
			sourceTree = "<group>";
		};
		313C13C2BC4440FDB1A7B44A /* osc */ = {
			isa = PBXGroup;
			children = (
				248B277109284E919DCAAB05 /* OscOutboundPacketStream.cpp */,
				F7E5D51798664372A70F6F1E /* OscPrintReceivedElements.cpp */,
				2C5FED939BC34614BFD29999 /* OscReceivedElements.cpp */,
				FB579DB410E64BCDBCBD1682 /* OscTypes.cpp */,
				03F62B1F0B584B8290FB74CC /* MessageMappingOscPacketListener.h */,
				85D1BB1A46A547FC9E35354F /* OscException.h */,
				1364D8F8C99B4A79AA2A3456 /* OscHostEndianness.h */,
				80AD322B584248D1A5CC7F51 /* OscOutboundPacketStream.h */,
				7C6F1048D99E4EDF90BB5BFD /* OscPacketListener.h */,
				59DB2877B6C64FA2AB0724CA /* OscPrintReceivedElements.h */,
				67D160DDD7E248108BDDF6CA /* OscReceivedElements.h */,
				E0E9BB3DB3E245D18BA4B960 /* OscTypes.h */,
			);
			name = osc;
			sourceTree = "<group>";
		};
		995FC33E2350412D978B9D9F /* src */ = {
			isa = PBXGroup;
			children = (
				62553F625F6B4FB79A3D2951 /* OscBundle.cpp */,
				6015198DCB6C4EFF994C1B24 /* OscListener.cpp */,
				E243D0B76813475783D83D2F /* OscMessage.cpp */,
				635AF6D74F814992ADD3F336 /* OscSender.cpp */,
				30DB6FE503AB404096960E40 /* ip */,
				313C13C2BC4440FDB1A7B44A /* osc */,
				D9885363047C4A5A8D3D775D /* OscArg.h */,
				8BDDACCFBCEE45AA97034A06 /* OscBundle.h */,
				F1DFFE99E945420483522A84 /* OscListener.h */,
				144E5A51685A4049B16E7C94 /* OscMessage.h */,
				84089835BD644AB7B83435C4 /* OscSender.h */,
			);
			name = src;
			sourceTree = "<group>";
		};
		BAE80EBDD7434EA4B3133FE6 /* OSC */ = {
			isa = PBXGroup;
			children = (
				995FC33E2350412D978B9D9F /* src */,
			);
			name = OSC;
			sourceTree = "<group>";
		};
		01B97315FEAEA392516A2CEA /* Blocks */ = {
			isa = PBXGroup;
			children = (
				BAE80EBDD7434EA4B3133FE6 /* OSC */,
			);
			name = Blocks;
			sourceTree = "<group>";
		};
		29B97315FDCFA39411CA2CEA /* Headers */ = {
			isa = PBXGroup;
			children = (
				39B356BB595246FB9BBD2ADC /* Resources.h */,
				A8C7EEB4E5564BEDB417B125 /* osc_example_Prefix.pch */,
			);
			name = Headers;
			sourceTree = "<group>";
		};
		29B97317FDCFA39411CA2CEA /* Resources */ = {
			isa = PBXGroup;
			children = (
				24D56F0C58084F2F8ADE3CEA /* CinderApp.icns */,
				CB462C7872FF40A8AEE1D6BC /* Info.plist */,
			);
			name = Resources;
			sourceTree = "<group>";
		};
		29B97323FDCFA39411CA2CEA /* Frameworks */ = {
			isa = PBXGroup;
			children = (
				1058C7A0FEA54F0111CA2CBB /* Linked Frameworks */,
				1058C7A2FEA54F0111CA2CBB /* Other Frameworks */,
			);
			name = Frameworks;
			sourceTree = "<group>";
		};
/* End PBXGroup section */

/* Begin PBXNativeTarget section */
		8D1107260486CEB800E47090 /* osc_example */ = {
			isa = PBXNativeTarget;
			buildConfigurationList = C01FCF4A08A954540054247B /* Build configuration list for PBXNativeTarget "osc_example" */;
			buildPhases = (
				8D1107290486CEB800E47090 /* Resources */,
				8D11072C0486CEB800E47090 /* Sources */,
				8D11072E0486CEB800E47090 /* Frameworks */,
			);
			buildRules = (
			);
			dependencies = (
			);
			name = osc_example;
			productInstallPath = "$(HOME)/Applications";
			productName = osc_example;
			productReference = 8D1107320486CEB800E47090 /* osc_example.app */;
			productType = "com.apple.product-type.application";
		};
/* End PBXNativeTarget section */

/* Begin PBXProject section */
		29B97313FDCFA39411CA2CEA /* Project object */ = {
			isa = PBXProject;
			buildConfigurationList = C01FCF4E08A954540054247B /* Build configuration list for PBXProject "osc_example" */;
			compatibilityVersion = "Xcode 3.2";
			developmentRegion = English;
			hasScannedForEncodings = 1;
			knownRegions = (
				English,
				Japanese,
				French,
				German,
			);
			mainGroup = 29B97314FDCFA39411CA2CEA /* osc_example */;
			projectDirPath = "";
			projectRoot = "";
			targets = (
				8D1107260486CEB800E47090 /* osc_example */,
			);
		};
/* End PBXProject section */

/* Begin PBXResourcesBuildPhase section */
		8D1107290486CEB800E47090 /* Resources */ = {
			isa = PBXResourcesBuildPhase;
			buildActionMask = 2147483647;
			files = (
				217D959441B04547AE8D17EB /* CinderApp.icns in Resources */,
			);
			runOnlyForDeploymentPostprocessing = 0;
		};
/* End PBXResourcesBuildPhase section */

/* Begin PBXSourcesBuildPhase section */
		8D11072C0486CEB800E47090 /* Sources */ = {
			isa = PBXSourcesBuildPhase;
			buildActionMask = 2147483647;
			files = (
				B2533C7087324B379E2A5B60 /* osc_exampleApp.cpp in Sources */,
				DBB87F9A1E7A4C7AA6AE685E /* OscBundle.cpp in Sources */,
				DA8F88C7D4074D9095D94548 /* OscListener.cpp in Sources */,
				77166BC6D7E941B6A5D31DCB /* OscMessage.cpp in Sources */,
				C6F5780A27C040019E8FCFC5 /* OscSender.cpp in Sources */,
				9F0EF145609B4907A50FBC5B /* IpEndpointName.cpp in Sources */,
				EC16932FEBCA47C1BA18C60B /* OscOutboundPacketStream.cpp in Sources */,
				2BD4735F4AC7446CA749B3AF /* OscPrintReceivedElements.cpp in Sources */,
				5E5D408173C44578A6371D74 /* OscReceivedElements.cpp in Sources */,
				B5BF6EAF0ABA4B6A8ACC65DC /* OscTypes.cpp in Sources */,
				251C06B62D7E48ECB19B16C7 /* NetworkingUtils.cpp in Sources */,
				F42927CB99984AFE8E6AFF3A /* UdpSocket.cpp in Sources */,
			);
			runOnlyForDeploymentPostprocessing = 0;
		};
/* End PBXSourcesBuildPhase section */

/* Begin XCBuildConfiguration section */
		C01FCF4B08A954540054247B /* Debug */ = {
			isa = XCBuildConfiguration;
			buildSettings = {
				COMBINE_HIDPI_IMAGES = YES;
				DEAD_CODE_STRIPPING = YES;
				COPY_PHASE_STRIP = NO;
				GCC_DYNAMIC_NO_PIC = NO;
				GCC_INLINES_ARE_PRIVATE_EXTERN = YES;
				GCC_OPTIMIZATION_LEVEL = 0;
				GCC_PREPROCESSOR_DEFINITIONS = (
					"DEBUG=1",
					"$(inherited)",
				);
				GCC_PRECOMPILE_PREFIX_HEADER = YES;
				GCC_PREFIX_HEADER = osc_example_Prefix.pch;
				GCC_SYMBOLS_PRIVATE_EXTERN = NO;
				INFOPLIST_FILE = Info.plist;
				INSTALL_PATH = "$(HOME)/Applications";
				OTHER_LDFLAGS = "\"$(CINDER_PATH)/lib/libcinder_d.a\"";
				PRODUCT_NAME = osc_example;
				WRAPPER_EXTENSION = app;
				SYMROOT = ./build;
			};
			name = Debug;
		};
		C01FCF4C08A954540054247B /* Release */ = {
			isa = XCBuildConfiguration;
			buildSettings = {
				COMBINE_HIDPI_IMAGES = YES;
				DEAD_CODE_STRIPPING = YES;
				DEBUG_INFORMATION_FORMAT = "dwarf-with-dsym";
				GCC_FAST_MATH = YES;
				GCC_GENERATE_DEBUGGING_SYMBOLS = NO;
				GCC_INLINES_ARE_PRIVATE_EXTERN = YES;
				GCC_OPTIMIZATION_LEVEL = 3;
				GCC_PREPROCESSOR_DEFINITIONS = (
					"NDEBUG=1",
					"$(inherited)",
				);
				GCC_PRECOMPILE_PREFIX_HEADER = YES;
				GCC_PREFIX_HEADER = osc_example_Prefix.pch;
				GCC_SYMBOLS_PRIVATE_EXTERN = NO;
				INFOPLIST_FILE = Info.plist;
				INSTALL_PATH = "$(HOME)/Applications";
				OTHER_LDFLAGS = "\"$(CINDER_PATH)/lib/libcinder.a\"";
				PRODUCT_NAME = osc_example;
				STRIP_INSTALLED_PRODUCT = YES;
				WRAPPER_EXTENSION = app;
				SYMROOT = ./build;
			};
			name = Release;
		};
		C01FCF4F08A954540054247B /* Debug */ = {
			isa = XCBuildConfiguration;
			buildSettings = {
				CLANG_CXX_LANGUAGE_STANDARD = "c++0x";
				CLANG_CXX_LIBRARY = "libc++";
				ALWAYS_SEARCH_USER_PATHS = NO;
				ARCHS = x86_64;
				CINDER_PATH = "../../../external/Cinder";
				GCC_WARN_ABOUT_RETURN_TYPE = YES;
				GCC_WARN_UNUSED_VARIABLE = YES;
				HEADER_SEARCH_PATHS = "\"$(CINDER_PATH)/boost\"";
				MACOSX_DEPLOYMENT_TARGET = 10.8;
				SDKROOT = macosx;
				USER_HEADER_SEARCH_PATHS = (
					"\"$(CINDER_PATH)/include\" ../include",
					../../../external/Cinder/blocks/osc/src,
				);
			};
			name = Debug;
		};
		C01FCF5008A954540054247B /* Release */ = {
			isa = XCBuildConfiguration;
			buildSettings = {
				CLANG_CXX_LANGUAGE_STANDARD = "c++0x";
				CLANG_CXX_LIBRARY = "libc++";
				ALWAYS_SEARCH_USER_PATHS = NO;
				ARCHS = x86_64;
				CINDER_PATH = "../../../external/Cinder";
				GCC_WARN_ABOUT_RETURN_TYPE = YES;
				GCC_WARN_UNUSED_VARIABLE = YES;
				HEADER_SEARCH_PATHS = "\"$(CINDER_PATH)/boost\"";
				MACOSX_DEPLOYMENT_TARGET = 10.8;
				SDKROOT = macosx;
				USER_HEADER_SEARCH_PATHS = (
					"\"$(CINDER_PATH)/include\" ../include",
					../../../external/Cinder/blocks/osc/src,
				);
			};
			name = Release;
		};
/* End XCBuildConfiguration section */

/* Begin XCConfigurationList section */
		C01FCF4A08A954540054247B /* Build configuration list for PBXNativeTarget "osc_example" */ = {
			isa = XCConfigurationList;
			buildConfigurations = (
				C01FCF4B08A954540054247B /* Debug */,
				C01FCF4C08A954540054247B /* Release */,
			);
			defaultConfigurationIsVisible = 0;
			defaultConfigurationName = Release;
		};
		C01FCF4E08A954540054247B /* Build configuration list for PBXProject "osc_example" */ = {
			isa = XCConfigurationList;
			buildConfigurations = (
				C01FCF4F08A954540054247B /* Debug */,
				C01FCF5008A954540054247B /* Release */,
			);
			defaultConfigurationIsVisible = 0;
			defaultConfigurationName = Release;
		};
/* End XCConfigurationList section */
	};
	rootObject = 29B97313FDCFA39411CA2CEA /* Project object */;
}
